// !$*UTF8*$!
{
	archiveVersion = 1;
	classes = {
	};
	objectVersion = 56;
	objects = {

/* Begin PBXBuildFile section */
		882A9CB82AD77414000E94A7 /* PlayerModel.swift in Sources */ = {isa = PBXBuildFile; fileRef = 882A9CB72AD77414000E94A7 /* PlayerModel.swift */; };
		882A9CBA2AD77442000E94A7 /* CodableBundleExtension.swift in Sources */ = {isa = PBXBuildFile; fileRef = 882A9CB92AD77442000E94A7 /* CodableBundleExtension.swift */; };
		882A9CBC2AD77543000E94A7 /* FeaturedItemView.swift in Sources */ = {isa = PBXBuildFile; fileRef = 882A9CBB2AD77543000E94A7 /* FeaturedItemView.swift */; };
		882A9CBE2AD77714000E94A7 /* FeaturedTabView.swift in Sources */ = {isa = PBXBuildFile; fileRef = 882A9CBD2AD77714000E94A7 /* FeaturedTabView.swift */; };
		888E18782ACF5935004D264E /* TouchdownApp.swift in Sources */ = {isa = PBXBuildFile; fileRef = 888E18772ACF5935004D264E /* TouchdownApp.swift */; };
		888E187A2ACF5935004D264E /* ContentView.swift in Sources */ = {isa = PBXBuildFile; fileRef = 888E18792ACF5935004D264E /* ContentView.swift */; };
		888E187C2ACF5936004D264E /* Assets.xcassets in Resources */ = {isa = PBXBuildFile; fileRef = 888E187B2ACF5936004D264E /* Assets.xcassets */; };
		888E187F2ACF5936004D264E /* Preview Assets.xcassets in Resources */ = {isa = PBXBuildFile; fileRef = 888E187E2ACF5936004D264E /* Preview Assets.xcassets */; };
		888E18892ACF5A07004D264E /* player.json in Resources */ = {isa = PBXBuildFile; fileRef = 888E18852ACF5A07004D264E /* player.json */; };
		888E188A2ACF5A07004D264E /* product.json in Resources */ = {isa = PBXBuildFile; fileRef = 888E18862ACF5A07004D264E /* product.json */; };
		888E188B2ACF5A07004D264E /* category.json in Resources */ = {isa = PBXBuildFile; fileRef = 888E18872ACF5A07004D264E /* category.json */; };
		888E188C2ACF5A07004D264E /* brand.json in Resources */ = {isa = PBXBuildFile; fileRef = 888E18882ACF5A07004D264E /* brand.json */; };
		888E18982ACF5B4C004D264E /* Constant.swift in Sources */ = {isa = PBXBuildFile; fileRef = 888E18972ACF5B4C004D264E /* Constant.swift */; };
		888E189A2ACF5BC7004D264E /* FooterView.swift in Sources */ = {isa = PBXBuildFile; fileRef = 888E18992ACF5BC7004D264E /* FooterView.swift */; };
		888E189C2ACF5DE7004D264E /* NavigationBarView.swift in Sources */ = {isa = PBXBuildFile; fileRef = 888E189B2ACF5DE7004D264E /* NavigationBarView.swift */; };
		888E189E2ACF5ECD004D264E /* LogoView.swift in Sources */ = {isa = PBXBuildFile; fileRef = 888E189D2ACF5ECD004D264E /* LogoView.swift */; };
		888E18A22ACF6663004D264E /* Application+Extension.swift in Sources */ = {isa = PBXBuildFile; fileRef = 888E18A12ACF6663004D264E /* Application+Extension.swift */; };
/* End PBXBuildFile section */

/* Begin PBXFileReference section */
		882A9CB72AD77414000E94A7 /* PlayerModel.swift */ = {isa = PBXFileReference; lastKnownFileType = sourcecode.swift; path = PlayerModel.swift; sourceTree = "<group>"; };
		882A9CB92AD77442000E94A7 /* CodableBundleExtension.swift */ = {isa = PBXFileReference; lastKnownFileType = sourcecode.swift; path = CodableBundleExtension.swift; sourceTree = "<group>"; };
		882A9CBB2AD77543000E94A7 /* FeaturedItemView.swift */ = {isa = PBXFileReference; lastKnownFileType = sourcecode.swift; path = FeaturedItemView.swift; sourceTree = "<group>"; };
		882A9CBD2AD77714000E94A7 /* FeaturedTabView.swift */ = {isa = PBXFileReference; lastKnownFileType = sourcecode.swift; path = FeaturedTabView.swift; sourceTree = "<group>"; };
		888E18742ACF5935004D264E /* Touchdown.app */ = {isa = PBXFileReference; explicitFileType = wrapper.application; includeInIndex = 0; path = Touchdown.app; sourceTree = BUILT_PRODUCTS_DIR; };
		888E18772ACF5935004D264E /* TouchdownApp.swift */ = {isa = PBXFileReference; lastKnownFileType = sourcecode.swift; path = TouchdownApp.swift; sourceTree = "<group>"; };
		888E18792ACF5935004D264E /* ContentView.swift */ = {isa = PBXFileReference; lastKnownFileType = sourcecode.swift; path = ContentView.swift; sourceTree = "<group>"; };
		888E187B2ACF5936004D264E /* Assets.xcassets */ = {isa = PBXFileReference; lastKnownFileType = folder.assetcatalog; path = Assets.xcassets; sourceTree = "<group>"; };
		888E187E2ACF5936004D264E /* Preview Assets.xcassets */ = {isa = PBXFileReference; lastKnownFileType = folder.assetcatalog; path = "Preview Assets.xcassets"; sourceTree = "<group>"; };
		888E18852ACF5A07004D264E /* player.json */ = {isa = PBXFileReference; fileEncoding = 4; lastKnownFileType = text.json; path = player.json; sourceTree = "<group>"; };
		888E18862ACF5A07004D264E /* product.json */ = {isa = PBXFileReference; fileEncoding = 4; lastKnownFileType = text.json; path = product.json; sourceTree = "<group>"; };
		888E18872ACF5A07004D264E /* category.json */ = {isa = PBXFileReference; fileEncoding = 4; lastKnownFileType = text.json; path = category.json; sourceTree = "<group>"; };
		888E18882ACF5A07004D264E /* brand.json */ = {isa = PBXFileReference; fileEncoding = 4; lastKnownFileType = text.json; path = brand.json; sourceTree = "<group>"; };
		888E188F2ACF5A67004D264E /* Info.plist */ = {isa = PBXFileReference; lastKnownFileType = text.plist; path = Info.plist; sourceTree = "<group>"; };
		888E18972ACF5B4C004D264E /* Constant.swift */ = {isa = PBXFileReference; lastKnownFileType = sourcecode.swift; path = Constant.swift; sourceTree = "<group>"; };
		888E18992ACF5BC7004D264E /* FooterView.swift */ = {isa = PBXFileReference; lastKnownFileType = sourcecode.swift; path = FooterView.swift; sourceTree = "<group>"; };
		888E189B2ACF5DE7004D264E /* NavigationBarView.swift */ = {isa = PBXFileReference; lastKnownFileType = sourcecode.swift; path = NavigationBarView.swift; sourceTree = "<group>"; };
		888E189D2ACF5ECD004D264E /* LogoView.swift */ = {isa = PBXFileReference; lastKnownFileType = sourcecode.swift; path = LogoView.swift; sourceTree = "<group>"; };
		888E18A12ACF6663004D264E /* Application+Extension.swift */ = {isa = PBXFileReference; lastKnownFileType = sourcecode.swift; path = "Application+Extension.swift"; sourceTree = "<group>"; };
/* End PBXFileReference section */

/* Begin PBXFrameworksBuildPhase section */
		888E18712ACF5935004D264E /* Frameworks */ = {
			isa = PBXFrameworksBuildPhase;
			buildActionMask = 2147483647;
			files = (
			);
			runOnlyForDeploymentPostprocessing = 0;
		};
/* End PBXFrameworksBuildPhase section */

/* Begin PBXGroup section */
		888E186B2ACF5935004D264E = {
			isa = PBXGroup;
			children = (
				888E18762ACF5935004D264E /* Touchdown */,
				888E18752ACF5935004D264E /* Products */,
			);
			sourceTree = "<group>";
		};
		888E18752ACF5935004D264E /* Products */ = {
			isa = PBXGroup;
			children = (
				888E18742ACF5935004D264E /* Touchdown.app */,
			);
			name = Products;
			sourceTree = "<group>";
		};
		888E18762ACF5935004D264E /* Touchdown */ = {
			isa = PBXGroup;
			children = (
				888E188F2ACF5A67004D264E /* Info.plist */,
				888E187B2ACF5936004D264E /* Assets.xcassets */,
				888E18902ACF5AFE004D264E /* App */,
				888E188E2ACF5A21004D264E /* Data */,
				888E18952ACF5B23004D264E /* Extension */,
				888E18942ACF5B1D004D264E /* Model */,
				888E187D2ACF5936004D264E /* Preview Content */,
				888E18962ACF5B28004D264E /* Utility */,
				888E18912ACF5B07004D264E /* View */,
			);
			path = Touchdown;
			sourceTree = "<group>";
		};
		888E187D2ACF5936004D264E /* Preview Content */ = {
			isa = PBXGroup;
			children = (
				888E187E2ACF5936004D264E /* Preview Assets.xcassets */,
			);
			path = "Preview Content";
			sourceTree = "<group>";
		};
		888E188E2ACF5A21004D264E /* Data */ = {
			isa = PBXGroup;
			children = (
				888E18882ACF5A07004D264E /* brand.json */,
				888E18872ACF5A07004D264E /* category.json */,
				888E18852ACF5A07004D264E /* player.json */,
				888E18862ACF5A07004D264E /* product.json */,
			);
			path = Data;
			sourceTree = "<group>";
		};
		888E18902ACF5AFE004D264E /* App */ = {
			isa = PBXGroup;
			children = (
				888E18772ACF5935004D264E /* TouchdownApp.swift */,
				888E18792ACF5935004D264E /* ContentView.swift */,
			);
			path = App;
			sourceTree = "<group>";
		};
		888E18912ACF5B07004D264E /* View */ = {
			isa = PBXGroup;
			children = (
				888E18922ACF5B0C004D264E /* Home */,
				888E18932ACF5B13004D264E /* Detail */,
			);
			path = View;
			sourceTree = "<group>";
		};
		888E18922ACF5B0C004D264E /* Home */ = {
			isa = PBXGroup;
			children = (
				888E18992ACF5BC7004D264E /* FooterView.swift */,
				888E189B2ACF5DE7004D264E /* NavigationBarView.swift */,
				888E189D2ACF5ECD004D264E /* LogoView.swift */,
				882A9CBB2AD77543000E94A7 /* FeaturedItemView.swift */,
				882A9CBD2AD77714000E94A7 /* FeaturedTabView.swift */,
			);
			path = Home;
			sourceTree = "<group>";
		};
		888E18932ACF5B13004D264E /* Detail */ = {
			isa = PBXGroup;
			children = (
			);
			path = Detail;
			sourceTree = "<group>";
		};
		888E18942ACF5B1D004D264E /* Model */ = {
			isa = PBXGroup;
			children = (
				882A9CB72AD77414000E94A7 /* PlayerModel.swift */,
			);
			path = Model;
			sourceTree = "<group>";
		};
		888E18952ACF5B23004D264E /* Extension */ = {
			isa = PBXGroup;
			children = (
				888E18A12ACF6663004D264E /* Application+Extension.swift */,
				882A9CB92AD77442000E94A7 /* CodableBundleExtension.swift */,
			);
			path = Extension;
			sourceTree = "<group>";
		};
		888E18962ACF5B28004D264E /* Utility */ = {
			isa = PBXGroup;
			children = (
				888E18972ACF5B4C004D264E /* Constant.swift */,
			);
			path = Utility;
			sourceTree = "<group>";
		};
/* End PBXGroup section */

/* Begin PBXNativeTarget section */
		888E18732ACF5935004D264E /* Touchdown */ = {
			isa = PBXNativeTarget;
			buildConfigurationList = 888E18822ACF5936004D264E /* Build configuration list for PBXNativeTarget "Touchdown" */;
			buildPhases = (
				888E18702ACF5935004D264E /* Sources */,
				888E18712ACF5935004D264E /* Frameworks */,
				888E18722ACF5935004D264E /* Resources */,
			);
			buildRules = (
			);
			dependencies = (
			);
			name = Touchdown;
			productName = Touchdown;
			productReference = 888E18742ACF5935004D264E /* Touchdown.app */;
			productType = "com.apple.product-type.application";
		};
/* End PBXNativeTarget section */

/* Begin PBXProject section */
		888E186C2ACF5935004D264E /* Project object */ = {
			isa = PBXProject;
			attributes = {
				BuildIndependentTargetsInParallel = 1;
				LastSwiftUpdateCheck = 1500;
				LastUpgradeCheck = 1500;
				TargetAttributes = {
					888E18732ACF5935004D264E = {
						CreatedOnToolsVersion = 15.0;
					};
				};
			};
			buildConfigurationList = 888E186F2ACF5935004D264E /* Build configuration list for PBXProject "Touchdown" */;
			compatibilityVersion = "Xcode 14.0";
			developmentRegion = en;
			hasScannedForEncodings = 0;
			knownRegions = (
				en,
				Base,
			);
			mainGroup = 888E186B2ACF5935004D264E;
			productRefGroup = 888E18752ACF5935004D264E /* Products */;
			projectDirPath = "";
			projectRoot = "";
			targets = (
				888E18732ACF5935004D264E /* Touchdown */,
			);
		};
/* End PBXProject section */

/* Begin PBXResourcesBuildPhase section */
		888E18722ACF5935004D264E /* Resources */ = {
			isa = PBXResourcesBuildPhase;
			buildActionMask = 2147483647;
			files = (
				888E18892ACF5A07004D264E /* player.json in Resources */,
				888E188A2ACF5A07004D264E /* product.json in Resources */,
				888E188B2ACF5A07004D264E /* category.json in Resources */,
				888E187F2ACF5936004D264E /* Preview Assets.xcassets in Resources */,
				888E187C2ACF5936004D264E /* Assets.xcassets in Resources */,
				888E188C2ACF5A07004D264E /* brand.json in Resources */,
			);
			runOnlyForDeploymentPostprocessing = 0;
		};
/* End PBXResourcesBuildPhase section */

/* Begin PBXSourcesBuildPhase section */
		888E18702ACF5935004D264E /* Sources */ = {
			isa = PBXSourcesBuildPhase;
			buildActionMask = 2147483647;
			files = (
				888E187A2ACF5935004D264E /* ContentView.swift in Sources */,
				888E189E2ACF5ECD004D264E /* LogoView.swift in Sources */,
				882A9CB82AD77414000E94A7 /* PlayerModel.swift in Sources */,
				888E189A2ACF5BC7004D264E /* FooterView.swift in Sources */,
				888E18782ACF5935004D264E /* TouchdownApp.swift in Sources */,
				888E18982ACF5B4C004D264E /* Constant.swift in Sources */,
				882A9CBE2AD77714000E94A7 /* FeaturedTabView.swift in Sources */,
				888E189C2ACF5DE7004D264E /* NavigationBarView.swift in Sources */,
				882A9CBC2AD77543000E94A7 /* FeaturedItemView.swift in Sources */,
				888E18A22ACF6663004D264E /* Application+Extension.swift in Sources */,
				882A9CBA2AD77442000E94A7 /* CodableBundleExtension.swift in Sources */,
			);
			runOnlyForDeploymentPostprocessing = 0;
		};
/* End PBXSourcesBuildPhase section */

/* Begin XCBuildConfiguration section */
		888E18802ACF5936004D264E /* Debug */ = {
			isa = XCBuildConfiguration;
			buildSettings = {
				ALWAYS_SEARCH_USER_PATHS = NO;
				ASSETCATALOG_COMPILER_GENERATE_SWIFT_ASSET_SYMBOL_EXTENSIONS = YES;
				CLANG_ANALYZER_NONNULL = YES;
				CLANG_ANALYZER_NUMBER_OBJECT_CONVERSION = YES_AGGRESSIVE;
				CLANG_CXX_LANGUAGE_STANDARD = "gnu++20";
				CLANG_ENABLE_MODULES = YES;
				CLANG_ENABLE_OBJC_ARC = YES;
				CLANG_ENABLE_OBJC_WEAK = YES;
				CLANG_WARN_BLOCK_CAPTURE_AUTORELEASING = YES;
				CLANG_WARN_BOOL_CONVERSION = YES;
				CLANG_WARN_COMMA = YES;
				CLANG_WARN_CONSTANT_CONVERSION = YES;
				CLANG_WARN_DEPRECATED_OBJC_IMPLEMENTATIONS = YES;
				CLANG_WARN_DIRECT_OBJC_ISA_USAGE = YES_ERROR;
				CLANG_WARN_DOCUMENTATION_COMMENTS = YES;
				CLANG_WARN_EMPTY_BODY = YES;
				CLANG_WARN_ENUM_CONVERSION = YES;
				CLANG_WARN_INFINITE_RECURSION = YES;
				CLANG_WARN_INT_CONVERSION = YES;
				CLANG_WARN_NON_LITERAL_NULL_CONVERSION = YES;
				CLANG_WARN_OBJC_IMPLICIT_RETAIN_SELF = YES;
				CLANG_WARN_OBJC_LITERAL_CONVERSION = YES;
				CLANG_WARN_OBJC_ROOT_CLASS = YES_ERROR;
				CLANG_WARN_QUOTED_INCLUDE_IN_FRAMEWORK_HEADER = YES;
				CLANG_WARN_RANGE_LOOP_ANALYSIS = YES;
				CLANG_WARN_STRICT_PROTOTYPES = YES;
				CLANG_WARN_SUSPICIOUS_MOVE = YES;
				CLANG_WARN_UNGUARDED_AVAILABILITY = YES_AGGRESSIVE;
				CLANG_WARN_UNREACHABLE_CODE = YES;
				CLANG_WARN__DUPLICATE_METHOD_MATCH = YES;
				COPY_PHASE_STRIP = NO;
				DEBUG_INFORMATION_FORMAT = dwarf;
				ENABLE_STRICT_OBJC_MSGSEND = YES;
				ENABLE_TESTABILITY = YES;
				ENABLE_USER_SCRIPT_SANDBOXING = YES;
				GCC_C_LANGUAGE_STANDARD = gnu17;
				GCC_DYNAMIC_NO_PIC = NO;
				GCC_NO_COMMON_BLOCKS = YES;
				GCC_OPTIMIZATION_LEVEL = 0;
				GCC_PREPROCESSOR_DEFINITIONS = (
					"DEBUG=1",
					"$(inherited)",
				);
				GCC_WARN_64_TO_32_BIT_CONVERSION = YES;
				GCC_WARN_ABOUT_RETURN_TYPE = YES_ERROR;
				GCC_WARN_UNDECLARED_SELECTOR = YES;
				GCC_WARN_UNINITIALIZED_AUTOS = YES_AGGRESSIVE;
				GCC_WARN_UNUSED_FUNCTION = YES;
				GCC_WARN_UNUSED_VARIABLE = YES;
				IPHONEOS_DEPLOYMENT_TARGET = 17.0;
				LOCALIZATION_PREFERS_STRING_CATALOGS = YES;
				MTL_ENABLE_DEBUG_INFO = INCLUDE_SOURCE;
				MTL_FAST_MATH = YES;
				ONLY_ACTIVE_ARCH = YES;
				SDKROOT = iphoneos;
				SWIFT_ACTIVE_COMPILATION_CONDITIONS = "DEBUG $(inherited)";
				SWIFT_OPTIMIZATION_LEVEL = "-Onone";
			};
			name = Debug;
		};
		888E18812ACF5936004D264E /* Release */ = {
			isa = XCBuildConfiguration;
			buildSettings = {
				ALWAYS_SEARCH_USER_PATHS = NO;
				ASSETCATALOG_COMPILER_GENERATE_SWIFT_ASSET_SYMBOL_EXTENSIONS = YES;
				CLANG_ANALYZER_NONNULL = YES;
				CLANG_ANALYZER_NUMBER_OBJECT_CONVERSION = YES_AGGRESSIVE;
				CLANG_CXX_LANGUAGE_STANDARD = "gnu++20";
				CLANG_ENABLE_MODULES = YES;
				CLANG_ENABLE_OBJC_ARC = YES;
				CLANG_ENABLE_OBJC_WEAK = YES;
				CLANG_WARN_BLOCK_CAPTURE_AUTORELEASING = YES;
				CLANG_WARN_BOOL_CONVERSION = YES;
				CLANG_WARN_COMMA = YES;
				CLANG_WARN_CONSTANT_CONVERSION = YES;
				CLANG_WARN_DEPRECATED_OBJC_IMPLEMENTATIONS = YES;
				CLANG_WARN_DIRECT_OBJC_ISA_USAGE = YES_ERROR;
				CLANG_WARN_DOCUMENTATION_COMMENTS = YES;
				CLANG_WARN_EMPTY_BODY = YES;
				CLANG_WARN_ENUM_CONVERSION = YES;
				CLANG_WARN_INFINITE_RECURSION = YES;
				CLANG_WARN_INT_CONVERSION = YES;
				CLANG_WARN_NON_LITERAL_NULL_CONVERSION = YES;
				CLANG_WARN_OBJC_IMPLICIT_RETAIN_SELF = YES;
				CLANG_WARN_OBJC_LITERAL_CONVERSION = YES;
				CLANG_WARN_OBJC_ROOT_CLASS = YES_ERROR;
				CLANG_WARN_QUOTED_INCLUDE_IN_FRAMEWORK_HEADER = YES;
				CLANG_WARN_RANGE_LOOP_ANALYSIS = YES;
				CLANG_WARN_STRICT_PROTOTYPES = YES;
				CLANG_WARN_SUSPICIOUS_MOVE = YES;
				CLANG_WARN_UNGUARDED_AVAILABILITY = YES_AGGRESSIVE;
				CLANG_WARN_UNREACHABLE_CODE = YES;
				CLANG_WARN__DUPLICATE_METHOD_MATCH = YES;
				COPY_PHASE_STRIP = NO;
				DEBUG_INFORMATION_FORMAT = "dwarf-with-dsym";
				ENABLE_NS_ASSERTIONS = NO;
				ENABLE_STRICT_OBJC_MSGSEND = YES;
				ENABLE_USER_SCRIPT_SANDBOXING = YES;
				GCC_C_LANGUAGE_STANDARD = gnu17;
				GCC_NO_COMMON_BLOCKS = YES;
				GCC_WARN_64_TO_32_BIT_CONVERSION = YES;
				GCC_WARN_ABOUT_RETURN_TYPE = YES_ERROR;
				GCC_WARN_UNDECLARED_SELECTOR = YES;
				GCC_WARN_UNINITIALIZED_AUTOS = YES_AGGRESSIVE;
				GCC_WARN_UNUSED_FUNCTION = YES;
				GCC_WARN_UNUSED_VARIABLE = YES;
				IPHONEOS_DEPLOYMENT_TARGET = 17.0;
				LOCALIZATION_PREFERS_STRING_CATALOGS = YES;
				MTL_ENABLE_DEBUG_INFO = NO;
				MTL_FAST_MATH = YES;
				SDKROOT = iphoneos;
				SWIFT_COMPILATION_MODE = wholemodule;
				VALIDATE_PRODUCT = YES;
			};
			name = Release;
		};
		888E18832ACF5936004D264E /* Debug */ = {
			isa = XCBuildConfiguration;
			buildSettings = {
				ASSETCATALOG_COMPILER_APPICON_NAME = AppIcon;
				ASSETCATALOG_COMPILER_GLOBAL_ACCENT_COLOR_NAME = AccentColor;
				CODE_SIGN_STYLE = Automatic;
				CURRENT_PROJECT_VERSION = 1;
				DEVELOPMENT_ASSET_PATHS = "\"Touchdown/Preview Content\"";
				DEVELOPMENT_TEAM = HXUYU6LP5D;
				ENABLE_PREVIEWS = YES;
				GENERATE_INFOPLIST_FILE = YES;
				INFOPLIST_FILE = Touchdown/Info.plist;
				INFOPLIST_KEY_UIApplicationSceneManifest_Generation = YES;
				INFOPLIST_KEY_UIApplicationSupportsIndirectInputEvents = YES;
				INFOPLIST_KEY_UISupportedInterfaceOrientations = UIInterfaceOrientationPortrait;
				INFOPLIST_KEY_UIUserInterfaceStyle = Light;
				IPHONEOS_DEPLOYMENT_TARGET = 15.0;
				LD_RUNPATH_SEARCH_PATHS = (
					"$(inherited)",
					"@executable_path/Frameworks",
				);
				MARKETING_VERSION = 1.0;
				PRODUCT_BUNDLE_IDENTIFIER = wolf.Touchdown;
				PRODUCT_NAME = "$(TARGET_NAME)";
				SWIFT_EMIT_LOC_STRINGS = YES;
				SWIFT_VERSION = 5.0;
				TARGETED_DEVICE_FAMILY = "1,2";
			};
			name = Debug;
		};
		888E18842ACF5936004D264E /* Release */ = {
			isa = XCBuildConfiguration;
			buildSettings = {
				ASSETCATALOG_COMPILER_APPICON_NAME = AppIcon;
				ASSETCATALOG_COMPILER_GLOBAL_ACCENT_COLOR_NAME = AccentColor;
				CODE_SIGN_STYLE = Automatic;
				CURRENT_PROJECT_VERSION = 1;
				DEVELOPMENT_ASSET_PATHS = "\"Touchdown/Preview Content\"";
				DEVELOPMENT_TEAM = HXUYU6LP5D;
				ENABLE_PREVIEWS = YES;
				GENERATE_INFOPLIST_FILE = YES;
				INFOPLIST_FILE = Touchdown/Info.plist;
				INFOPLIST_KEY_UIApplicationSceneManifest_Generation = YES;
				INFOPLIST_KEY_UIApplicationSupportsIndirectInputEvents = YES;
				INFOPLIST_KEY_UISupportedInterfaceOrientations = UIInterfaceOrientationPortrait;
				INFOPLIST_KEY_UIUserInterfaceStyle = Light;
				IPHONEOS_DEPLOYMENT_TARGET = 15.0;
				LD_RUNPATH_SEARCH_PATHS = (
					"$(inherited)",
					"@executable_path/Frameworks",
				);
				MARKETING_VERSION = 1.0;
				PRODUCT_BUNDLE_IDENTIFIER = wolf.Touchdown;
				PRODUCT_NAME = "$(TARGET_NAME)";
				SWIFT_EMIT_LOC_STRINGS = YES;
				SWIFT_VERSION = 5.0;
				TARGETED_DEVICE_FAMILY = "1,2";
			};
			name = Release;
		};
/* End XCBuildConfiguration section */

/* Begin XCConfigurationList section */
		888E186F2ACF5935004D264E /* Build configuration list for PBXProject "Touchdown" */ = {
			isa = XCConfigurationList;
			buildConfigurations = (
				888E18802ACF5936004D264E /* Debug */,
				888E18812ACF5936004D264E /* Release */,
			);
			defaultConfigurationIsVisible = 0;
			defaultConfigurationName = Release;
		};
		888E18822ACF5936004D264E /* Build configuration list for PBXNativeTarget "Touchdown" */ = {
			isa = XCConfigurationList;
			buildConfigurations = (
				888E18832ACF5936004D264E /* Debug */,
				888E18842ACF5936004D264E /* Release */,
			);
			defaultConfigurationIsVisible = 0;
			defaultConfigurationName = Release;
		};
/* End XCConfigurationList section */
	};
	rootObject = 888E186C2ACF5935004D264E /* Project object */;
}
